
Microsoft Visual Studio Solution File, Format Version 12.00
# Visual Studio Version 17
VisualStudioVersion = 17.5.33627.172
MinimumVisualStudioVersion = 10.0.40219.1
Project("{9A19103F-16F7-4668-BE54-9A1E7A4F7556}") = "ChangeDetectableCodeGenerator", "Generator\ChangeDetectableCodeGenerator.csproj", "{523EA35E-E85C-4A30-AAB9-AEFAF3C53C84}"
EndProject
Project("{9A19103F-16F7-4668-BE54-9A1E7A4F7556}") = "ChangeDetectableCodeGenerator.Tests", "Generator.Tests\ChangeDetectableCodeGenerator.Tests.csproj", "{2BAD4369-1D74-4E55-85C1-9F7C52AE571C}"
EndProject
Project("{9A19103F-16F7-4668-BE54-9A1E7A4F7556}") = "ChangeDetectorLibrary", "ChangeDetectorLibrary\ChangeDetectorLibrary.csproj", "{71DEE062-F568-49EA-B186-E0D7DCA567E8}"
EndProject
Project("{9A19103F-16F7-4668-BE54-9A1E7A4F7556}") = "FieldsChangeDetector", "FieldsChangeDetector\FieldsChangeDetector.csproj", "{9F43501A-600D-4B82-847B-49FF6462424C}"
EndProject
Global
	GlobalSection(SolutionConfigurationPlatforms) = preSolution
		Debug|Any CPU = Debug|Any CPU
		Release|Any CPU = Release|Any CPU
	EndGlobalSection
	GlobalSection(ProjectConfigurationPlatforms) = postSolution
		{523EA35E-E85C-4A30-AAB9-AEFAF3C53C84}.Debug|Any CPU.ActiveCfg = Debug|Any CPU
		{523EA35E-E85C-4A30-AAB9-AEFAF3C53C84}.Debug|Any CPU.Build.0 = Debug|Any CPU
		{523EA35E-E85C-4A30-AAB9-AEFAF3C53C84}.Release|Any CPU.ActiveCfg = Release|Any CPU
		{523EA35E-E85C-4A30-AAB9-AEFAF3C53C84}.Release|Any CPU.Build.0 = Release|Any CPU
		{2BAD4369-1D74-4E55-85C1-9F7C52AE571C}.Debug|Any CPU.ActiveCfg = Debug|Any CPU
		{2BAD4369-1D74-4E55-85C1-9F7C52AE571C}.Debug|Any CPU.Build.0 = Debug|Any CPU
		{2BAD4369-1D74-4E55-85C1-9F7C52AE571C}.Release|Any CPU.ActiveCfg = Release|Any CPU
		{2BAD4369-1D74-4E55-85C1-9F7C52AE571C}.Release|Any CPU.Build.0 = Release|Any CPU
		{71DEE062-F568-49EA-B186-E0D7DCA567E8}.Debug|Any CPU.ActiveCfg = Debug|Any CPU
		{71DEE062-F568-49EA-B186-E0D7DCA567E8}.Debug|Any CPU.Build.0 = Debug|Any CPU
		{71DEE062-F568-49EA-B186-E0D7DCA567E8}.Release|Any CPU.ActiveCfg = Release|Any CPU
		{71DEE062-F568-49EA-B186-E0D7DCA567E8}.Release|Any CPU.Build.0 = Release|Any CPU
		{9F43501A-600D-4B82-847B-49FF6462424C}.Debug|Any CPU.ActiveCfg = Debug|Any CPU
		{9F43501A-600D-4B82-847B-49FF6462424C}.Debug|Any CPU.Build.0 = Debug|Any CPU
		{9F43501A-600D-4B82-847B-49FF6462424C}.Release|Any CPU.ActiveCfg = Release|Any CPU
		{9F43501A-600D-4B82-847B-49FF6462424C}.Release|Any CPU.Build.0 = Release|Any CPU
	EndGlobalSection
	GlobalSection(SolutionProperties) = preSolution
		HideSolutionNode = FALSE
	EndGlobalSection
	GlobalSection(ExtensibilityGlobals) = postSolution
		SolutionGuid = {66D76D7A-5D73-424E-AFAE-A36D4629D87D}
	EndGlobalSection
EndGlobal
