
Microsoft Visual Studio Solution File, Format Version 12.00
# Visual Studio Version 17
VisualStudioVersion = 17.5.33627.172
MinimumVisualStudioVersion = 10.0.40219.1
Project("{9A19103F-16F7-4668-BE54-9A1E7A4F7556}") = "FieldsChangeDetector", "FieldsChangeDetector\FieldsChangeDetector.csproj", "{62CDD724-1222-4D3A-AC8F-7D96302C300D}"
EndProject
Project("{9A19103F-16F7-4668-BE54-9A1E7A4F7556}") = "RoslynComparatorGenerator", "RoslynComparatorGenerator\RoslynComparatorGenerator.csproj", "{E192143E-9F10-4A82-A589-3D729084D7CE}"
EndProject
Project("{9A19103F-16F7-4668-BE54-9A1E7A4F7556}") = "Generator", "Generator\Generator.csproj", "{523EA35E-E85C-4A30-AAB9-AEFAF3C53C84}"
EndProject
Global
	GlobalSection(SolutionConfigurationPlatforms) = preSolution
		Debug|Any CPU = Debug|Any CPU
		Release|Any CPU = Release|Any CPU
	EndGlobalSection
	GlobalSection(ProjectConfigurationPlatforms) = postSolution
		{62CDD724-1222-4D3A-AC8F-7D96302C300D}.Debug|Any CPU.ActiveCfg = Debug|Any CPU
		{62CDD724-1222-4D3A-AC8F-7D96302C300D}.Debug|Any CPU.Build.0 = Debug|Any CPU
		{62CDD724-1222-4D3A-AC8F-7D96302C300D}.Release|Any CPU.ActiveCfg = Release|Any CPU
		{62CDD724-1222-4D3A-AC8F-7D96302C300D}.Release|Any CPU.Build.0 = Release|Any CPU
		{E192143E-9F10-4A82-A589-3D729084D7CE}.Debug|Any CPU.ActiveCfg = Debug|Any CPU
		{E192143E-9F10-4A82-A589-3D729084D7CE}.Debug|Any CPU.Build.0 = Debug|Any CPU
		{E192143E-9F10-4A82-A589-3D729084D7CE}.Release|Any CPU.ActiveCfg = Release|Any CPU
		{E192143E-9F10-4A82-A589-3D729084D7CE}.Release|Any CPU.Build.0 = Release|Any CPU
		{523EA35E-E85C-4A30-AAB9-AEFAF3C53C84}.Debug|Any CPU.ActiveCfg = Debug|Any CPU
		{523EA35E-E85C-4A30-AAB9-AEFAF3C53C84}.Debug|Any CPU.Build.0 = Debug|Any CPU
		{523EA35E-E85C-4A30-AAB9-AEFAF3C53C84}.Release|Any CPU.ActiveCfg = Release|Any CPU
		{523EA35E-E85C-4A30-AAB9-AEFAF3C53C84}.Release|Any CPU.Build.0 = Release|Any CPU
	EndGlobalSection
	GlobalSection(SolutionProperties) = preSolution
		HideSolutionNode = FALSE
	EndGlobalSection
	GlobalSection(ExtensibilityGlobals) = postSolution
		SolutionGuid = {66D76D7A-5D73-424E-AFAE-A36D4629D87D}
	EndGlobalSection
EndGlobal
